
Microsoft Visual Studio Solution File, Format Version 12.00
# Visual Studio 15
Project("{FAE04EC0-301F-11D3-BF4B-00C04F79EFBC}") = "Assembly-CSharp", "Assembly-CSharp.csproj", "{FEC2200C-1CBC-40A7-6E77-0F0B6B4A1D16}"
EndProject
Global
	GlobalSection(SolutionConfigurationPlatforms) = preSolution
		Debug|Any CPU = Debug|Any CPU
		Release|Any CPU = Release|Any CPU
	EndGlobalSection
	GlobalSection(ProjectConfigurationPlatforms) = postSolution
		{FEC2200C-1CBC-40A7-6E77-0F0B6B4A1D16}.Debug|Any CPU.ActiveCfg = Debug|Any CPU
		{FEC2200C-1CBC-40A7-6E77-0F0B6B4A1D16}.Debug|Any CPU.Build.0 = Debug|Any CPU
		{FEC2200C-1CBC-40A7-6E77-0F0B6B4A1D16}.Release|Any CPU.ActiveCfg = Release|Any CPU
		{FEC2200C-1CBC-40A7-6E77-0F0B6B4A1D16}.Release|Any CPU.Build.0 = Release|Any CPU
	EndGlobalSection
	GlobalSection(SolutionProperties) = preSolution
		HideSolutionNode = FALSE
	EndGlobalSection
EndGlobal
